
Microsoft Visual Studio Solution File, Format Version 12.00
# Visual Studio 2013
VisualStudioVersion = 12.0.30110.0
MinimumVisualStudioVersion = 10.0.40219.1
Project("{F2A71F9B-5D33-465A-A702-920D77279786}") = "Game", "Game\Game.fsproj", "{6F94350E-C42D-4FFE-B89E-0D4AB19973E5}"
EndProject
Project("{F2A71F9B-5D33-465A-A702-920D77279786}") = "Tests", "Tests\Tests.fsproj", "{1662A320-E427-443C-A401-BB73BC02577E}"
EndProject
Project("{2150E333-8FDC-42A3-9474-1A3956D46DE8}") = ".nuget", ".nuget", "{E895F5B9-2FA1-4325-BF67-FA5215B08B8F}"
	ProjectSection(SolutionItems) = preProject
		.nuget\NuGet.Config = .nuget\NuGet.Config
		.nuget\NuGet.exe = .nuget\NuGet.exe
		.nuget\NuGet.targets = .nuget\NuGet.targets
		.nuget\packages.config = .nuget\packages.config
	EndProjectSection
EndProject
Global
	GlobalSection(SolutionConfigurationPlatforms) = preSolution
		Debug|Any CPU = Debug|Any CPU
		Release|Any CPU = Release|Any CPU
	EndGlobalSection
	GlobalSection(ProjectConfigurationPlatforms) = postSolution
		{6F94350E-C42D-4FFE-B89E-0D4AB19973E5}.Debug|Any CPU.ActiveCfg = Debug|Any CPU
		{6F94350E-C42D-4FFE-B89E-0D4AB19973E5}.Debug|Any CPU.Build.0 = Debug|Any CPU
		{6F94350E-C42D-4FFE-B89E-0D4AB19973E5}.Release|Any CPU.ActiveCfg = Release|Any CPU
		{6F94350E-C42D-4FFE-B89E-0D4AB19973E5}.Release|Any CPU.Build.0 = Release|Any CPU
		{1662A320-E427-443C-A401-BB73BC02577E}.Debug|Any CPU.ActiveCfg = Debug|Any CPU
		{1662A320-E427-443C-A401-BB73BC02577E}.Debug|Any CPU.Build.0 = Debug|Any CPU
		{1662A320-E427-443C-A401-BB73BC02577E}.Release|Any CPU.ActiveCfg = Release|Any CPU
		{1662A320-E427-443C-A401-BB73BC02577E}.Release|Any CPU.Build.0 = Release|Any CPU
	EndGlobalSection
	GlobalSection(SolutionProperties) = preSolution
		HideSolutionNode = FALSE
	EndGlobalSection
EndGlobal
